
Microsoft Visual Studio Solution File, Format Version 12.00
# Visual Studio 2017
Project("{FAE04EC0-301F-11D3-BF4B-00C04F79EFBC}") = "Shade Bound", "Shade Bound.csproj", "{BFDA4673-A790-8353-AB32-B9C880D20A69}"
EndProject
Project("{FAE04EC0-301F-11D3-BF4B-00C04F79EFBC}") = "Shade Bound.Editor", "Shade Bound.Editor.csproj", "{199E47D7-271E-8D11-6298-8A8DA0E5E66D}"
EndProject
Global
	GlobalSection(SolutionConfigurationPlatforms) = preSolution
		Debug|Any CPU = Debug|Any CPU
		Release|Any CPU = Release|Any CPU
	EndGlobalSection
	GlobalSection(ProjectConfigurationPlatforms) = postSolution
		{BFDA4673-A790-8353-AB32-B9C880D20A69}.Debug|Any CPU.ActiveCfg = Debug|Any CPU
		{BFDA4673-A790-8353-AB32-B9C880D20A69}.Debug|Any CPU.Build.0 = Debug|Any CPU
		{BFDA4673-A790-8353-AB32-B9C880D20A69}.Release|Any CPU.ActiveCfg = Release|Any CPU
		{BFDA4673-A790-8353-AB32-B9C880D20A69}.Release|Any CPU.Build.0 = Release|Any CPU
		{199E47D7-271E-8D11-6298-8A8DA0E5E66D}.Debug|Any CPU.ActiveCfg = Debug|Any CPU
		{199E47D7-271E-8D11-6298-8A8DA0E5E66D}.Debug|Any CPU.Build.0 = Debug|Any CPU
		{199E47D7-271E-8D11-6298-8A8DA0E5E66D}.Release|Any CPU.ActiveCfg = Release|Any CPU
		{199E47D7-271E-8D11-6298-8A8DA0E5E66D}.Release|Any CPU.Build.0 = Release|Any CPU
	EndGlobalSection
	GlobalSection(SolutionProperties) = preSolution
		HideSolutionNode = FALSE
	EndGlobalSection
EndGlobal
