
Microsoft Visual Studio Solution File, Format Version 11.00
# Visual Studio 2010
Project("{FAE04EC0-301F-11D3-BF4B-00C04F79EFBC}") = "Shade Bound old version", "Assembly-CSharp.csproj", "{D401536D-0661-7171-FF04-C27E2071426A}"
EndProject
Project("{FAE04EC0-301F-11D3-BF4B-00C04F79EFBC}") = "Shade Bound old version", "Assembly-CSharp-Editor.csproj", "{8EBF66A5-AC8A-9362-4C3E-16D39A3762BE}"
EndProject
Global
	GlobalSection(SolutionConfigurationPlatforms) = preSolution
		Debug|Any CPU = Debug|Any CPU
		Release|Any CPU = Release|Any CPU
	EndGlobalSection
	GlobalSection(ProjectConfigurationPlatforms) = postSolution
		{D401536D-0661-7171-FF04-C27E2071426A}.Debug|Any CPU.ActiveCfg = Debug|Any CPU
		{D401536D-0661-7171-FF04-C27E2071426A}.Debug|Any CPU.Build.0 = Debug|Any CPU
		{D401536D-0661-7171-FF04-C27E2071426A}.Release|Any CPU.ActiveCfg = Release|Any CPU
		{D401536D-0661-7171-FF04-C27E2071426A}.Release|Any CPU.Build.0 = Release|Any CPU
		{8EBF66A5-AC8A-9362-4C3E-16D39A3762BE}.Debug|Any CPU.ActiveCfg = Debug|Any CPU
		{8EBF66A5-AC8A-9362-4C3E-16D39A3762BE}.Debug|Any CPU.Build.0 = Debug|Any CPU
		{8EBF66A5-AC8A-9362-4C3E-16D39A3762BE}.Release|Any CPU.ActiveCfg = Release|Any CPU
		{8EBF66A5-AC8A-9362-4C3E-16D39A3762BE}.Release|Any CPU.Build.0 = Release|Any CPU
	EndGlobalSection
	GlobalSection(SolutionProperties) = preSolution
		HideSolutionNode = FALSE
	EndGlobalSection
	GlobalSection(MonoDevelopProperties) = preSolution
		StartupItem = Assembly-CSharp.csproj
	EndGlobalSection
EndGlobal
